{
  "name": "College-Canteen",
  "lockfileVersion": 2,
  "requires": true,
  "packages": {
    "": {
      "dependencies": {
        "@reduxjs/toolkit": "^1.8.1",
        "dot-env": "^0.0.1",
        "redux": "^4.2.0",
        "redux-devtools-extension": "^2.13.9"
      }
    },
    "node_modules/@babel/runtime": {
      "version": "7.17.2",
      "resolved": "https://registry.npmjs.org/@babel/runtime/-/runtime-7.17.2.tgz",
      "integrity": "sha512-hzeyJyMA1YGdJTuWU0e/j4wKXrU4OMFvY2MSlaI9B7VQb0r5cxTE3EAIS2Q7Tn2RIcDkRvTA/v2JsAEhxe99uw==",
      "dependencies": {
        "regenerator-runtime": "^0.13.4"
      },
      "engines": {
        "node": ">=6.9.0"
      }
    },
    "node_modules/@reduxjs/toolkit": {
      "version": "1.8.1",
      "resolved": "https://registry.npmjs.org/@reduxjs/toolkit/-/toolkit-1.8.1.tgz",
      "integrity": "sha512-Q6mzbTpO9nOYRnkwpDlFOAbQnd3g7zj7CtHAZWz5SzE5lcV97Tf8f3SzOO8BoPOMYBFgfZaqTUZqgGu+a0+Fng==",
      "dependencies": {
        "immer": "^9.0.7",
        "redux": "^4.1.2",
        "redux-thunk": "^2.4.1",
        "reselect": "^4.1.5"
      },
      "peerDependencies": {
        "react": "^16.9.0 || ^17.0.0 || ^18",
        "react-redux": "^7.2.1 || ^8.0.0-beta"
      },
      "peerDependenciesMeta": {
        "react": {
          "optional": true
        },
        "react-redux": {
          "optional": true
        }
      }
    },
    "node_modules/dot-env": {
      "version": "0.0.1",
      "resolved": "https://registry.npmjs.org/dot-env/-/dot-env-0.0.1.tgz",
      "integrity": "sha512-SajHtzm3v7yjMH8DW9xY+4i7Zv/cN3aMtLVy0mRMuZu8L9qRCR7CNqcl4KBbG27e5Up4BpSlEyPXXLNbSAe2DQ=="
    },
    "node_modules/immer": {
      "version": "9.0.12",
      "resolved": "https://registry.npmjs.org/immer/-/immer-9.0.12.tgz",
      "integrity": "sha512-lk7UNmSbAukB5B6dh9fnh5D0bJTOFKxVg2cyJWTYrWRfhLrLMBquONcUs3aFq507hNoIZEDDh8lb8UtOizSMhA==",
      "funding": {
        "type": "opencollective",
        "url": "https://opencollective.com/immer"
      }
    },
    "node_modules/redux": {
      "version": "4.2.0",
      "resolved": "https://registry.npmjs.org/redux/-/redux-4.2.0.tgz",
      "integrity": "sha512-oSBmcKKIuIR4ME29/AeNUnl5L+hvBq7OaJWzaptTQJAntaPvxIJqfnjbaEiCzzaIz+XmVILfqAM3Ob0aXLPfjA==",
      "dependencies": {
        "@babel/runtime": "^7.9.2"
      }
    },
    "node_modules/redux-devtools-extension": {
      "version": "2.13.9",
      "resolved": "https://registry.npmjs.org/redux-devtools-extension/-/redux-devtools-extension-2.13.9.tgz",
      "integrity": "sha512-cNJ8Q/EtjhQaZ71c8I9+BPySIBVEKssbPpskBfsXqb8HJ002A3KRVHfeRzwRo6mGPqsm7XuHTqNSNeS1Khig0A==",
      "deprecated": "Package moved to @redux-devtools/extension.",
      "peerDependencies": {
        "redux": "^3.1.0 || ^4.0.0"
      }
    },
    "node_modules/redux-thunk": {
      "version": "2.4.1",
      "resolved": "https://registry.npmjs.org/redux-thunk/-/redux-thunk-2.4.1.tgz",
      "integrity": "sha512-OOYGNY5Jy2TWvTL1KgAlVy6dcx3siPJ1wTq741EPyUKfn6W6nChdICjZwCd0p8AZBs5kWpZlbkXW2nE/zjUa+Q==",
      "peerDependencies": {
        "redux": "^4"
      }
    },
    "node_modules/regenerator-runtime": {
      "version": "0.13.9",
      "resolved": "https://registry.npmjs.org/regenerator-runtime/-/regenerator-runtime-0.13.9.tgz",
      "integrity": "sha512-p3VT+cOEgxFsRRA9X4lkI1E+k2/CtnKtU4gcxyaCUreilL/vqI6CdZ3wxVUx3UOUg+gnUOQQcRI7BmSI656MYA=="
    },
    "node_modules/reselect": {
      "version": "4.1.5",
      "resolved": "https://registry.npmjs.org/reselect/-/reselect-4.1.5.tgz",
      "integrity": "sha512-uVdlz8J7OO+ASpBYoz1Zypgx0KasCY20H+N8JD13oUMtPvSHQuscrHop4KbXrbsBcdB9Ds7lVK7eRkBIfO43vQ=="
    }
  },
  "dependencies": {
    "@babel/runtime": {
      "version": "7.17.2",
      "resolved": "https://registry.npmjs.org/@babel/runtime/-/runtime-7.17.2.tgz",
      "integrity": "sha512-hzeyJyMA1YGdJTuWU0e/j4wKXrU4OMFvY2MSlaI9B7VQb0r5cxTE3EAIS2Q7Tn2RIcDkRvTA/v2JsAEhxe99uw==",
      "requires": {
        "regenerator-runtime": "^0.13.4"
      }
    },
    "@reduxjs/toolkit": {
      "version": "1.8.1",
      "resolved": "https://registry.npmjs.org/@reduxjs/toolkit/-/toolkit-1.8.1.tgz",
      "integrity": "sha512-Q6mzbTpO9nOYRnkwpDlFOAbQnd3g7zj7CtHAZWz5SzE5lcV97Tf8f3SzOO8BoPOMYBFgfZaqTUZqgGu+a0+Fng==",
      "requires": {
        "immer": "^9.0.7",
        "redux": "^4.1.2",
        "redux-thunk": "^2.4.1",
        "reselect": "^4.1.5"
      }
    },
    "dot-env": {
      "version": "0.0.1",
      "resolved": "https://registry.npmjs.org/dot-env/-/dot-env-0.0.1.tgz",
      "integrity": "sha512-SajHtzm3v7yjMH8DW9xY+4i7Zv/cN3aMtLVy0mRMuZu8L9qRCR7CNqcl4KBbG27e5Up4BpSlEyPXXLNbSAe2DQ=="
    },
    "immer": {
      "version": "9.0.12",
      "resolved": "https://registry.npmjs.org/immer/-/immer-9.0.12.tgz",
      "integrity": "sha512-lk7UNmSbAukB5B6dh9fnh5D0bJTOFKxVg2cyJWTYrWRfhLrLMBquONcUs3aFq507hNoIZEDDh8lb8UtOizSMhA=="
    },
    "redux": {
      "version": "4.2.0",
      "resolved": "https://registry.npmjs.org/redux/-/redux-4.2.0.tgz",
      "integrity": "sha512-oSBmcKKIuIR4ME29/AeNUnl5L+hvBq7OaJWzaptTQJAntaPvxIJqfnjbaEiCzzaIz+XmVILfqAM3Ob0aXLPfjA==",
      "requires": {
        "@babel/runtime": "^7.9.2"
      }
    },
    "redux-devtools-extension": {
      "version": "2.13.9",
      "resolved": "https://registry.npmjs.org/redux-devtools-extension/-/redux-devtools-extension-2.13.9.tgz",
      "integrity": "sha512-cNJ8Q/EtjhQaZ71c8I9+BPySIBVEKssbPpskBfsXqb8HJ002A3KRVHfeRzwRo6mGPqsm7XuHTqNSNeS1Khig0A==",
      "requires": {}
    },
    "redux-thunk": {
      "version": "2.4.1",
      "resolved": "https://registry.npmjs.org/redux-thunk/-/redux-thunk-2.4.1.tgz",
      "integrity": "sha512-OOYGNY5Jy2TWvTL1KgAlVy6dcx3siPJ1wTq741EPyUKfn6W6nChdICjZwCd0p8AZBs5kWpZlbkXW2nE/zjUa+Q==",
      "requires": {}
    },
    "regenerator-runtime": {
      "version": "0.13.9",
      "resolved": "https://registry.npmjs.org/regenerator-runtime/-/regenerator-runtime-0.13.9.tgz",
      "integrity": "sha512-p3VT+cOEgxFsRRA9X4lkI1E+k2/CtnKtU4gcxyaCUreilL/vqI6CdZ3wxVUx3UOUg+gnUOQQcRI7BmSI656MYA=="
    },
    "reselect": {
      "version": "4.1.5",
      "resolved": "https://registry.npmjs.org/reselect/-/reselect-4.1.5.tgz",
      "integrity": "sha512-uVdlz8J7OO+ASpBYoz1Zypgx0KasCY20H+N8JD13oUMtPvSHQuscrHop4KbXrbsBcdB9Ds7lVK7eRkBIfO43vQ=="
    }
  }
}
